
Microsoft Visual Studio Solution File, Format Version 12.00
# Visual Studio Version 16
VisualStudioVersion = 16.0.30225.117
MinimumVisualStudioVersion = 10.0.40219.1
Project("{F184B08F-C81C-45F6-A57F-5ABD9991F28F}") = "NERVA", "NERVA.vbproj", "{E172D8DD-1480-4E3B-A520-31D9FDBE5873}"
EndProject
Project("{2150E333-8FDC-42A3-9474-1A3956D46DE8}") = "Solution Items", "Solution Items", "{678580C2-37CC-438A-8CDD-79528ECCDAF9}"
	ProjectSection(SolutionItems) = preProject
		ToDo.txt = ToDo.txt
	EndProjectSection
EndProject
Global
	GlobalSection(SolutionConfigurationPlatforms) = preSolution
		Debug|Any CPU = Debug|Any CPU
		Release|Any CPU = Release|Any CPU
	EndGlobalSection
	GlobalSection(ProjectConfigurationPlatforms) = postSolution
		{E172D8DD-1480-4E3B-A520-31D9FDBE5873}.Debug|Any CPU.ActiveCfg = Debug|Any CPU
		{E172D8DD-1480-4E3B-A520-31D9FDBE5873}.Debug|Any CPU.Build.0 = Debug|Any CPU
		{E172D8DD-1480-4E3B-A520-31D9FDBE5873}.Release|Any CPU.ActiveCfg = Release|Any CPU
		{E172D8DD-1480-4E3B-A520-31D9FDBE5873}.Release|Any CPU.Build.0 = Release|Any CPU
	EndGlobalSection
	GlobalSection(SolutionProperties) = preSolution
		HideSolutionNode = FALSE
	EndGlobalSection
	GlobalSection(ExtensibilityGlobals) = postSolution
		SolutionGuid = {88ADD7B8-2F4C-471E-AACC-C3E3855D5BEB}
	EndGlobalSection
EndGlobal
